{
  "pins" : [
    {
      "identity" : "sentry-cocoa",
      "kind" : "remoteSourceControl",
      "location" : "https://github.com/getsentry/sentry-cocoa.git",
      "state" : {
        "revision" : "3b9a8e69ca296bd8cd0e317ad7a448e5daf4a342",
        "version" : "8.18.0"
      }
    }
  ],
  "version" : 2
}
